// !$*UTF8*$!
{
	archiveVersion = 1;
	classes = {
	};
	objectVersion = 46;
	objects = {

/* Begin PBXBuildFile section */
		0398283D19FA0A8D00B2BBB5 /* Account.m in Sources */ = {isa = PBXBuildFile; fileRef = 0398283C19FA0A8D00B2BBB5 /* Account.m */; };
		0398283F19FA3C8300B2BBB5 /* Album.m in Sources */ = {isa = PBXBuildFile; fileRef = 0398283E19FA3C8300B2BBB5 /* Album.m */; };
		0398284319FA3EEE00B2BBB5 /* Profile.m in Sources */ = {isa = PBXBuildFile; fileRef = 0398284219FA3EEE00B2BBB5 /* Profile.m */; };
		03DF5FCD19FA0059007577BC /* main.m in Sources */ = {isa = PBXBuildFile; fileRef = 03DF5FCC19FA0059007577BC /* main.m */; };
		03DF5FD019FA0059007577BC /* AppDelegate.m in Sources */ = {isa = PBXBuildFile; fileRef = 03DF5FCF19FA0059007577BC /* AppDelegate.m */; };
		03DF5FD319FA0059007577BC /* FirstViewController.m in Sources */ = {isa = PBXBuildFile; fileRef = 03DF5FD219FA0059007577BC /* FirstViewController.m */; };
		03DF5FD619FA0059007577BC /* SecondViewController.m in Sources */ = {isa = PBXBuildFile; fileRef = 03DF5FD519FA0059007577BC /* SecondViewController.m */; };
		03DF5FD919FA0059007577BC /* Main.storyboard in Resources */ = {isa = PBXBuildFile; fileRef = 03DF5FD719FA0059007577BC /* Main.storyboard */; };
		03DF5FDB19FA0059007577BC /* Images.xcassets in Resources */ = {isa = PBXBuildFile; fileRef = 03DF5FDA19FA0059007577BC /* Images.xcassets */; };
		03DF5FDE19FA0059007577BC /* LaunchScreen.xib in Resources */ = {isa = PBXBuildFile; fileRef = 03DF5FDC19FA0059007577BC /* LaunchScreen.xib */; };
		03DF5FEA19FA0059007577BC /* PhotoShareAppTests.m in Sources */ = {isa = PBXBuildFile; fileRef = 03DF5FE919FA0059007577BC /* PhotoShareAppTests.m */; };
		BA4EE0C51A1458560001843B /* PatternViewCell.m in Sources */ = {isa = PBXBuildFile; fileRef = BA4EE0C41A1458560001843B /* PatternViewCell.m */; };
		BA51BD2D19FB053100AF5B5D /* ELCImagePickerDemoAppDelegate.m in Sources */ = {isa = PBXBuildFile; fileRef = BA51BD2A19FB053100AF5B5D /* ELCImagePickerDemoAppDelegate.m */; };
		BA51BD2E19FB053100AF5B5D /* ELCImagePickerDemoViewController.m in Sources */ = {isa = PBXBuildFile; fileRef = BA51BD2C19FB053100AF5B5D /* ELCImagePickerDemoViewController.m */; };
		BA51BD4719FB064200AF5B5D /* ELCAlbumPickerController.m in Sources */ = {isa = PBXBuildFile; fileRef = BA51BD3119FB064100AF5B5D /* ELCAlbumPickerController.m */; };
		BA51BD4819FB064200AF5B5D /* ELCAsset.m in Sources */ = {isa = PBXBuildFile; fileRef = BA51BD3319FB064100AF5B5D /* ELCAsset.m */; };
		BA51BD4919FB064200AF5B5D /* ELCAssetCell.m in Sources */ = {isa = PBXBuildFile; fileRef = BA51BD3519FB064100AF5B5D /* ELCAssetCell.m */; };
		BA51BD4A19FB064200AF5B5D /* ELCAssetTablePicker.m in Sources */ = {isa = PBXBuildFile; fileRef = BA51BD3919FB064100AF5B5D /* ELCAssetTablePicker.m */; };
		BA51BD4B19FB064200AF5B5D /* ELCConsole.m in Sources */ = {isa = PBXBuildFile; fileRef = BA51BD3B19FB064100AF5B5D /* ELCConsole.m */; };
		BA51BD4C19FB064200AF5B5D /* ELCImagePickerController.m in Sources */ = {isa = PBXBuildFile; fileRef = BA51BD3D19FB064100AF5B5D /* ELCImagePickerController.m */; };
		BA51BD4D19FB064200AF5B5D /* ELCOverlayImageView.m in Sources */ = {isa = PBXBuildFile; fileRef = BA51BD4019FB064200AF5B5D /* ELCOverlayImageView.m */; };
		BA51BD4E19FB064200AF5B5D /* ELCAlbumPickerController.xib in Resources */ = {isa = PBXBuildFile; fileRef = BA51BD4219FB064200AF5B5D /* ELCAlbumPickerController.xib */; };
		BA51BD4F19FB064200AF5B5D /* ELCAssetPicker.xib in Resources */ = {isa = PBXBuildFile; fileRef = BA51BD4319FB064200AF5B5D /* ELCAssetPicker.xib */; };
		BA51BD5019FB064200AF5B5D /* ELCAssetTablePicker.xib in Resources */ = {isa = PBXBuildFile; fileRef = BA51BD4419FB064200AF5B5D /* ELCAssetTablePicker.xib */; };
		BA51BD5119FB064200AF5B5D /* Overlay.png in Resources */ = {isa = PBXBuildFile; fileRef = BA51BD4519FB064200AF5B5D /* Overlay.png */; };
		BA51BD5219FB064200AF5B5D /* Overlay@2x.png in Resources */ = {isa = PBXBuildFile; fileRef = BA51BD4619FB064200AF5B5D /* Overlay@2x.png */; };
		BA8398671A2BEC2C00D8B9E2 /* Constants.m in Sources */ = {isa = PBXBuildFile; fileRef = BA8398661A2BEC2C00D8B9E2 /* Constants.m */; };
/* End PBXBuildFile section */

/* Begin PBXContainerItemProxy section */
		03DF5FE419FA0059007577BC /* PBXContainerItemProxy */ = {
			isa = PBXContainerItemProxy;
			containerPortal = 03DF5FBF19FA0059007577BC /* Project object */;
			proxyType = 1;
			remoteGlobalIDString = 03DF5FC619FA0059007577BC;
			remoteInfo = PhotoShareApp;
		};
/* End PBXContainerItemProxy section */

/* Begin PBXFileReference section */
		0398283B19FA0A7800B2BBB5 /* Account.h */ = {isa = PBXFileReference; lastKnownFileType = sourcecode.c.h; path = Account.h; sourceTree = "<group>"; };
		0398283C19FA0A8D00B2BBB5 /* Account.m */ = {isa = PBXFileReference; fileEncoding = 4; lastKnownFileType = sourcecode.c.objc; path = Account.m; sourceTree = "<group>"; };
		0398283E19FA3C8300B2BBB5 /* Album.m */ = {isa = PBXFileReference; fileEncoding = 4; lastKnownFileType = sourcecode.c.objc; path = Album.m; sourceTree = "<group>"; };
		0398284019FA3C9300B2BBB5 /* Album.h */ = {isa = PBXFileReference; lastKnownFileType = sourcecode.c.h; path = Album.h; sourceTree = "<group>"; };
		0398284119FA3ED300B2BBB5 /* Profile.h */ = {isa = PBXFileReference; lastKnownFileType = sourcecode.c.h; path = Profile.h; sourceTree = "<group>"; };
		0398284219FA3EEE00B2BBB5 /* Profile.m */ = {isa = PBXFileReference; fileEncoding = 4; lastKnownFileType = sourcecode.c.objc; path = Profile.m; sourceTree = "<group>"; };
		03DF5FC719FA0059007577BC /* PhotoShareApp.app */ = {isa = PBXFileReference; explicitFileType = wrapper.application; includeInIndex = 0; path = PhotoShareApp.app; sourceTree = BUILT_PRODUCTS_DIR; };
		03DF5FCB19FA0059007577BC /* Info.plist */ = {isa = PBXFileReference; lastKnownFileType = text.plist.xml; path = Info.plist; sourceTree = "<group>"; };
		03DF5FCC19FA0059007577BC /* main.m */ = {isa = PBXFileReference; lastKnownFileType = sourcecode.c.objc; path = main.m; sourceTree = "<group>"; };
		03DF5FCE19FA0059007577BC /* AppDelegate.h */ = {isa = PBXFileReference; lastKnownFileType = sourcecode.c.h; path = AppDelegate.h; sourceTree = "<group>"; };
		03DF5FCF19FA0059007577BC /* AppDelegate.m */ = {isa = PBXFileReference; lastKnownFileType = sourcecode.c.objc; path = AppDelegate.m; sourceTree = "<group>"; };
		03DF5FD119FA0059007577BC /* FirstViewController.h */ = {isa = PBXFileReference; lastKnownFileType = sourcecode.c.h; path = FirstViewController.h; sourceTree = "<group>"; };
		03DF5FD219FA0059007577BC /* FirstViewController.m */ = {isa = PBXFileReference; lastKnownFileType = sourcecode.c.objc; path = FirstViewController.m; sourceTree = "<group>"; };
		03DF5FD419FA0059007577BC /* SecondViewController.h */ = {isa = PBXFileReference; lastKnownFileType = sourcecode.c.h; path = SecondViewController.h; sourceTree = "<group>"; };
		03DF5FD519FA0059007577BC /* SecondViewController.m */ = {isa = PBXFileReference; lastKnownFileType = sourcecode.c.objc; path = SecondViewController.m; sourceTree = "<group>"; };
		03DF5FD819FA0059007577BC /* Base */ = {isa = PBXFileReference; lastKnownFileType = file.storyboard; name = Base; path = Base.lproj/Main.storyboard; sourceTree = "<group>"; };
		03DF5FDA19FA0059007577BC /* Images.xcassets */ = {isa = PBXFileReference; lastKnownFileType = folder.assetcatalog; path = Images.xcassets; sourceTree = "<group>"; };
		03DF5FDD19FA0059007577BC /* Base */ = {isa = PBXFileReference; lastKnownFileType = file.xib; name = Base; path = Base.lproj/LaunchScreen.xib; sourceTree = "<group>"; };
		03DF5FE319FA0059007577BC /* PhotoShareAppTests.xctest */ = {isa = PBXFileReference; explicitFileType = wrapper.cfbundle; includeInIndex = 0; path = PhotoShareAppTests.xctest; sourceTree = BUILT_PRODUCTS_DIR; };
		03DF5FE819FA0059007577BC /* Info.plist */ = {isa = PBXFileReference; lastKnownFileType = text.plist.xml; path = Info.plist; sourceTree = "<group>"; };
		03DF5FE919FA0059007577BC /* PhotoShareAppTests.m */ = {isa = PBXFileReference; lastKnownFileType = sourcecode.c.objc; path = PhotoShareAppTests.m; sourceTree = "<group>"; };
		BA4EE0C31A1458560001843B /* PatternViewCell.h */ = {isa = PBXFileReference; fileEncoding = 4; lastKnownFileType = sourcecode.c.h; path = PatternViewCell.h; sourceTree = "<group>"; };
		BA4EE0C41A1458560001843B /* PatternViewCell.m */ = {isa = PBXFileReference; fileEncoding = 4; lastKnownFileType = sourcecode.c.objc; path = PatternViewCell.m; sourceTree = "<group>"; };
		BA51BD2919FB053100AF5B5D /* ELCImagePickerDemoAppDelegate.h */ = {isa = PBXFileReference; fileEncoding = 4; lastKnownFileType = sourcecode.c.h; path = ELCImagePickerDemoAppDelegate.h; sourceTree = "<group>"; };
		BA51BD2A19FB053100AF5B5D /* ELCImagePickerDemoAppDelegate.m */ = {isa = PBXFileReference; fileEncoding = 4; lastKnownFileType = sourcecode.c.objc; path = ELCImagePickerDemoAppDelegate.m; sourceTree = "<group>"; };
		BA51BD2B19FB053100AF5B5D /* ELCImagePickerDemoViewController.h */ = {isa = PBXFileReference; fileEncoding = 4; lastKnownFileType = sourcecode.c.h; path = ELCImagePickerDemoViewController.h; sourceTree = "<group>"; };
		BA51BD2C19FB053100AF5B5D /* ELCImagePickerDemoViewController.m */ = {isa = PBXFileReference; fileEncoding = 4; lastKnownFileType = sourcecode.c.objc; path = ELCImagePickerDemoViewController.m; sourceTree = "<group>"; };
		BA51BD3019FB064100AF5B5D /* ELCAlbumPickerController.h */ = {isa = PBXFileReference; fileEncoding = 4; lastKnownFileType = sourcecode.c.h; path = ELCAlbumPickerController.h; sourceTree = "<group>"; };
		BA51BD3119FB064100AF5B5D /* ELCAlbumPickerController.m */ = {isa = PBXFileReference; fileEncoding = 4; lastKnownFileType = sourcecode.c.objc; path = ELCAlbumPickerController.m; sourceTree = "<group>"; };
		BA51BD3219FB064100AF5B5D /* ELCAsset.h */ = {isa = PBXFileReference; fileEncoding = 4; lastKnownFileType = sourcecode.c.h; path = ELCAsset.h; sourceTree = "<group>"; };
		BA51BD3319FB064100AF5B5D /* ELCAsset.m */ = {isa = PBXFileReference; fileEncoding = 4; lastKnownFileType = sourcecode.c.objc; path = ELCAsset.m; sourceTree = "<group>"; };
		BA51BD3419FB064100AF5B5D /* ELCAssetCell.h */ = {isa = PBXFileReference; fileEncoding = 4; lastKnownFileType = sourcecode.c.h; path = ELCAssetCell.h; sourceTree = "<group>"; };
		BA51BD3519FB064100AF5B5D /* ELCAssetCell.m */ = {isa = PBXFileReference; fileEncoding = 4; lastKnownFileType = sourcecode.c.objc; path = ELCAssetCell.m; sourceTree = "<group>"; };
		BA51BD3619FB064100AF5B5D /* ELCAssetPickerFilterDelegate.h */ = {isa = PBXFileReference; fileEncoding = 4; lastKnownFileType = sourcecode.c.h; path = ELCAssetPickerFilterDelegate.h; sourceTree = "<group>"; };
		BA51BD3719FB064100AF5B5D /* ELCAssetSelectionDelegate.h */ = {isa = PBXFileReference; fileEncoding = 4; lastKnownFileType = sourcecode.c.h; path = ELCAssetSelectionDelegate.h; sourceTree = "<group>"; };
		BA51BD3819FB064100AF5B5D /* ELCAssetTablePicker.h */ = {isa = PBXFileReference; fileEncoding = 4; lastKnownFileType = sourcecode.c.h; path = ELCAssetTablePicker.h; sourceTree = "<group>"; };
		BA51BD3919FB064100AF5B5D /* ELCAssetTablePicker.m */ = {isa = PBXFileReference; fileEncoding = 4; lastKnownFileType = sourcecode.c.objc; path = ELCAssetTablePicker.m; sourceTree = "<group>"; };
		BA51BD3A19FB064100AF5B5D /* ELCConsole.h */ = {isa = PBXFileReference; fileEncoding = 4; lastKnownFileType = sourcecode.c.h; path = ELCConsole.h; sourceTree = "<group>"; };
		BA51BD3B19FB064100AF5B5D /* ELCConsole.m */ = {isa = PBXFileReference; fileEncoding = 4; lastKnownFileType = sourcecode.c.objc; path = ELCConsole.m; sourceTree = "<group>"; };
		BA51BD3C19FB064100AF5B5D /* ELCImagePickerController.h */ = {isa = PBXFileReference; fileEncoding = 4; lastKnownFileType = sourcecode.c.h; path = ELCImagePickerController.h; sourceTree = "<group>"; };
		BA51BD3D19FB064100AF5B5D /* ELCImagePickerController.m */ = {isa = PBXFileReference; fileEncoding = 4; lastKnownFileType = sourcecode.c.objc; path = ELCImagePickerController.m; sourceTree = "<group>"; };
		BA51BD3E19FB064100AF5B5D /* ELCImagePickerHeader.h */ = {isa = PBXFileReference; fileEncoding = 4; lastKnownFileType = sourcecode.c.h; path = ELCImagePickerHeader.h; sourceTree = "<group>"; };
		BA51BD3F19FB064200AF5B5D /* ELCOverlayImageView.h */ = {isa = PBXFileReference; fileEncoding = 4; lastKnownFileType = sourcecode.c.h; path = ELCOverlayImageView.h; sourceTree = "<group>"; };
		BA51BD4019FB064200AF5B5D /* ELCOverlayImageView.m */ = {isa = PBXFileReference; fileEncoding = 4; lastKnownFileType = sourcecode.c.objc; path = ELCOverlayImageView.m; sourceTree = "<group>"; };
		BA51BD4219FB064200AF5B5D /* ELCAlbumPickerController.xib */ = {isa = PBXFileReference; fileEncoding = 4; lastKnownFileType = file.xib; path = ELCAlbumPickerController.xib; sourceTree = "<group>"; };
		BA51BD4319FB064200AF5B5D /* ELCAssetPicker.xib */ = {isa = PBXFileReference; fileEncoding = 4; lastKnownFileType = file.xib; path = ELCAssetPicker.xib; sourceTree = "<group>"; };
		BA51BD4419FB064200AF5B5D /* ELCAssetTablePicker.xib */ = {isa = PBXFileReference; fileEncoding = 4; lastKnownFileType = file.xib; path = ELCAssetTablePicker.xib; sourceTree = "<group>"; };
		BA51BD4519FB064200AF5B5D /* Overlay.png */ = {isa = PBXFileReference; lastKnownFileType = image.png; path = Overlay.png; sourceTree = "<group>"; };
		BA51BD4619FB064200AF5B5D /* Overlay@2x.png */ = {isa = PBXFileReference; lastKnownFileType = image.png; path = "Overlay@2x.png"; sourceTree = "<group>"; };
		BA8398651A2BEC2C00D8B9E2 /* Constants.h */ = {isa = PBXFileReference; fileEncoding = 4; lastKnownFileType = sourcecode.c.h; path = Constants.h; sourceTree = "<group>"; };
		BA8398661A2BEC2C00D8B9E2 /* Constants.m */ = {isa = PBXFileReference; fileEncoding = 4; lastKnownFileType = sourcecode.c.objc; path = Constants.m; sourceTree = "<group>"; };
/* End PBXFileReference section */

/* Begin PBXFrameworksBuildPhase section */
		03DF5FC419FA0059007577BC /* Frameworks */ = {
			isa = PBXFrameworksBuildPhase;
			buildActionMask = 2147483647;
			files = (
			);
			runOnlyForDeploymentPostprocessing = 0;
		};
		03DF5FE019FA0059007577BC /* Frameworks */ = {
			isa = PBXFrameworksBuildPhase;
			buildActionMask = 2147483647;
			files = (
			);
			runOnlyForDeploymentPostprocessing = 0;
		};
/* End PBXFrameworksBuildPhase section */

/* Begin PBXGroup section */
		0398283A19FA09F500B2BBB5 /* Classes */ = {
			isa = PBXGroup;
			children = (
				0398283B19FA0A7800B2BBB5 /* Account.h */,
				0398283C19FA0A8D00B2BBB5 /* Account.m */,
				0398284019FA3C9300B2BBB5 /* Album.h */,
				0398283E19FA3C8300B2BBB5 /* Album.m */,
				0398284119FA3ED300B2BBB5 /* Profile.h */,
				0398284219FA3EEE00B2BBB5 /* Profile.m */,
			);
			name = Classes;
			sourceTree = "<group>";
		};
		03DF5FBE19FA0059007577BC = {
			isa = PBXGroup;
			children = (
				03DF5FC919FA0059007577BC /* PhotoShareApp */,
				03DF5FE619FA0059007577BC /* PhotoShareAppTests */,
				03DF5FC819FA0059007577BC /* Products */,
			);
			sourceTree = "<group>";
		};
		03DF5FC819FA0059007577BC /* Products */ = {
			isa = PBXGroup;
			children = (
				03DF5FC719FA0059007577BC /* PhotoShareApp.app */,
				03DF5FE319FA0059007577BC /* PhotoShareAppTests.xctest */,
			);
			name = Products;
			sourceTree = "<group>";
		};
		03DF5FC919FA0059007577BC /* PhotoShareApp */ = {
			isa = PBXGroup;
			children = (
				BA51BD2819FB042200AF5B5D /* ImagePicker */,
				0398283A19FA09F500B2BBB5 /* Classes */,
				03DF5FCE19FA0059007577BC /* AppDelegate.h */,
				03DF5FCF19FA0059007577BC /* AppDelegate.m */,
				03DF5FD119FA0059007577BC /* FirstViewController.h */,
				03DF5FD219FA0059007577BC /* FirstViewController.m */,
				BA8398651A2BEC2C00D8B9E2 /* Constants.h */,
				BA8398661A2BEC2C00D8B9E2 /* Constants.m */,
				03DF5FD419FA0059007577BC /* SecondViewController.h */,
				03DF5FD519FA0059007577BC /* SecondViewController.m */,
				03DF5FD719FA0059007577BC /* Main.storyboard */,
				BA4EE0C31A1458560001843B /* PatternViewCell.h */,
				BA4EE0C41A1458560001843B /* PatternViewCell.m */,
				03DF5FDA19FA0059007577BC /* Images.xcassets */,
				03DF5FDC19FA0059007577BC /* LaunchScreen.xib */,
				03DF5FCA19FA0059007577BC /* Supporting Files */,
			);
			path = PhotoShareApp;
			sourceTree = "<group>";
		};
		03DF5FCA19FA0059007577BC /* Supporting Files */ = {
			isa = PBXGroup;
			children = (
				03DF5FCB19FA0059007577BC /* Info.plist */,
				03DF5FCC19FA0059007577BC /* main.m */,
			);
			name = "Supporting Files";
			sourceTree = "<group>";
		};
		03DF5FE619FA0059007577BC /* PhotoShareAppTests */ = {
			isa = PBXGroup;
			children = (
				03DF5FE919FA0059007577BC /* PhotoShareAppTests.m */,
				03DF5FE719FA0059007577BC /* Supporting Files */,
			);
			path = PhotoShareAppTests;
			sourceTree = "<group>";
		};
		03DF5FE719FA0059007577BC /* Supporting Files */ = {
			isa = PBXGroup;
			children = (
				03DF5FE819FA0059007577BC /* Info.plist */,
			);
			name = "Supporting Files";
			sourceTree = "<group>";
		};
		BA51BD2819FB042200AF5B5D /* ImagePicker */ = {
			isa = PBXGroup;
			children = (
				BA51BD2F19FB060E00AF5B5D /* ImagePickerHeaders */,
				BA51BD2919FB053100AF5B5D /* ELCImagePickerDemoAppDelegate.h */,
				BA51BD2A19FB053100AF5B5D /* ELCImagePickerDemoAppDelegate.m */,
				BA51BD2B19FB053100AF5B5D /* ELCImagePickerDemoViewController.h */,
				BA51BD2C19FB053100AF5B5D /* ELCImagePickerDemoViewController.m */,
			);
			name = ImagePicker;
			sourceTree = "<group>";
		};
		BA51BD2F19FB060E00AF5B5D /* ImagePickerHeaders */ = {
			isa = PBXGroup;
			children = (
				BA51BD3019FB064100AF5B5D /* ELCAlbumPickerController.h */,
				BA51BD3119FB064100AF5B5D /* ELCAlbumPickerController.m */,
				BA51BD3219FB064100AF5B5D /* ELCAsset.h */,
				BA51BD3319FB064100AF5B5D /* ELCAsset.m */,
				BA51BD3419FB064100AF5B5D /* ELCAssetCell.h */,
				BA51BD3519FB064100AF5B5D /* ELCAssetCell.m */,
				BA51BD3619FB064100AF5B5D /* ELCAssetPickerFilterDelegate.h */,
				BA51BD3719FB064100AF5B5D /* ELCAssetSelectionDelegate.h */,
				BA51BD3819FB064100AF5B5D /* ELCAssetTablePicker.h */,
				BA51BD3919FB064100AF5B5D /* ELCAssetTablePicker.m */,
				BA51BD3A19FB064100AF5B5D /* ELCConsole.h */,
				BA51BD3B19FB064100AF5B5D /* ELCConsole.m */,
				BA51BD3C19FB064100AF5B5D /* ELCImagePickerController.h */,
				BA51BD3D19FB064100AF5B5D /* ELCImagePickerController.m */,
				BA51BD3E19FB064100AF5B5D /* ELCImagePickerHeader.h */,
				BA51BD3F19FB064200AF5B5D /* ELCOverlayImageView.h */,
				BA51BD4019FB064200AF5B5D /* ELCOverlayImageView.m */,
				BA51BD4119FB064200AF5B5D /* Resources */,
			);
			name = ImagePickerHeaders;
			sourceTree = "<group>";
		};
		BA51BD4119FB064200AF5B5D /* Resources */ = {
			isa = PBXGroup;
			children = (
				BA51BD4219FB064200AF5B5D /* ELCAlbumPickerController.xib */,
				BA51BD4319FB064200AF5B5D /* ELCAssetPicker.xib */,
				BA51BD4419FB064200AF5B5D /* ELCAssetTablePicker.xib */,
				BA51BD4519FB064200AF5B5D /* Overlay.png */,
				BA51BD4619FB064200AF5B5D /* Overlay@2x.png */,
			);
			path = Resources;
			sourceTree = "<group>";
		};
/* End PBXGroup section */

/* Begin PBXNativeTarget section */
		03DF5FC619FA0059007577BC /* PhotoShareApp */ = {
			isa = PBXNativeTarget;
			buildConfigurationList = 03DF5FED19FA0059007577BC /* Build configuration list for PBXNativeTarget "PhotoShareApp" */;
			buildPhases = (
				03DF5FC319FA0059007577BC /* Sources */,
				03DF5FC419FA0059007577BC /* Frameworks */,
				03DF5FC519FA0059007577BC /* Resources */,
			);
			buildRules = (
			);
			dependencies = (
			);
			name = PhotoShareApp;
			productName = PhotoShareApp;
			productReference = 03DF5FC719FA0059007577BC /* PhotoShareApp.app */;
			productType = "com.apple.product-type.application";
		};
		03DF5FE219FA0059007577BC /* PhotoShareAppTests */ = {
			isa = PBXNativeTarget;
			buildConfigurationList = 03DF5FF019FA0059007577BC /* Build configuration list for PBXNativeTarget "PhotoShareAppTests" */;
			buildPhases = (
				03DF5FDF19FA0059007577BC /* Sources */,
				03DF5FE019FA0059007577BC /* Frameworks */,
				03DF5FE119FA0059007577BC /* Resources */,
			);
			buildRules = (
			);
			dependencies = (
				03DF5FE519FA0059007577BC /* PBXTargetDependency */,
			);
			name = PhotoShareAppTests;
			productName = PhotoShareAppTests;
			productReference = 03DF5FE319FA0059007577BC /* PhotoShareAppTests.xctest */;
			productType = "com.apple.product-type.bundle.unit-test";
		};
/* End PBXNativeTarget section */

/* Begin PBXProject section */
		03DF5FBF19FA0059007577BC /* Project object */ = {
			isa = PBXProject;
			attributes = {
				LastUpgradeCheck = 0610;
				ORGANIZATIONNAME = "Harsh Shah";
				TargetAttributes = {
					03DF5FC619FA0059007577BC = {
						CreatedOnToolsVersion = 6.1;
						DevelopmentTeam = H7739QEN48;
					};
					03DF5FE219FA0059007577BC = {
						CreatedOnToolsVersion = 6.1;
						TestTargetID = 03DF5FC619FA0059007577BC;
					};
				};
			};
			buildConfigurationList = 03DF5FC219FA0059007577BC /* Build configuration list for PBXProject "PhotoShareApp" */;
			compatibilityVersion = "Xcode 3.2";
			developmentRegion = English;
			hasScannedForEncodings = 0;
			knownRegions = (
				en,
				Base,
			);
			mainGroup = 03DF5FBE19FA0059007577BC;
			productRefGroup = 03DF5FC819FA0059007577BC /* Products */;
			projectDirPath = "";
			projectRoot = "";
			targets = (
				03DF5FC619FA0059007577BC /* PhotoShareApp */,
				03DF5FE219FA0059007577BC /* PhotoShareAppTests */,
			);
		};
/* End PBXProject section */

/* Begin PBXResourcesBuildPhase section */
		03DF5FC519FA0059007577BC /* Resources */ = {
			isa = PBXResourcesBuildPhase;
			buildActionMask = 2147483647;
			files = (
				BA51BD5019FB064200AF5B5D /* ELCAssetTablePicker.xib in Resources */,
				BA51BD4E19FB064200AF5B5D /* ELCAlbumPickerController.xib in Resources */,
				BA51BD5119FB064200AF5B5D /* Overlay.png in Resources */,
				03DF5FD919FA0059007577BC /* Main.storyboard in Resources */,
				03DF5FDE19FA0059007577BC /* LaunchScreen.xib in Resources */,
				BA51BD5219FB064200AF5B5D /* Overlay@2x.png in Resources */,
				03DF5FDB19FA0059007577BC /* Images.xcassets in Resources */,
				BA51BD4F19FB064200AF5B5D /* ELCAssetPicker.xib in Resources */,
			);
			runOnlyForDeploymentPostprocessing = 0;
		};
		03DF5FE119FA0059007577BC /* Resources */ = {
			isa = PBXResourcesBuildPhase;
			buildActionMask = 2147483647;
			files = (
			);
			runOnlyForDeploymentPostprocessing = 0;
		};
/* End PBXResourcesBuildPhase section */

/* Begin PBXSourcesBuildPhase section */
		03DF5FC319FA0059007577BC /* Sources */ = {
			isa = PBXSourcesBuildPhase;
			buildActionMask = 2147483647;
			files = (
				BA51BD4719FB064200AF5B5D /* ELCAlbumPickerController.m in Sources */,
				BA51BD4A19FB064200AF5B5D /* ELCAssetTablePicker.m in Sources */,
				BA51BD4C19FB064200AF5B5D /* ELCImagePickerController.m in Sources */,
				BA51BD4B19FB064200AF5B5D /* ELCConsole.m in Sources */,
				BA51BD4D19FB064200AF5B5D /* ELCOverlayImageView.m in Sources */,
				BA51BD2D19FB053100AF5B5D /* ELCImagePickerDemoAppDelegate.m in Sources */,
				0398283D19FA0A8D00B2BBB5 /* Account.m in Sources */,
				03DF5FD619FA0059007577BC /* SecondViewController.m in Sources */,
				BA51BD4819FB064200AF5B5D /* ELCAsset.m in Sources */,
				BA51BD4919FB064200AF5B5D /* ELCAssetCell.m in Sources */,
				03DF5FD019FA0059007577BC /* AppDelegate.m in Sources */,
				BA51BD2E19FB053100AF5B5D /* ELCImagePickerDemoViewController.m in Sources */,
				BA4EE0C51A1458560001843B /* PatternViewCell.m in Sources */,
				0398283F19FA3C8300B2BBB5 /* Album.m in Sources */,
				03DF5FD319FA0059007577BC /* FirstViewController.m in Sources */,
				0398284319FA3EEE00B2BBB5 /* Profile.m in Sources */,
				03DF5FCD19FA0059007577BC /* main.m in Sources */,
				BA8398671A2BEC2C00D8B9E2 /* Constants.m in Sources */,
			);
			runOnlyForDeploymentPostprocessing = 0;
		};
		03DF5FDF19FA0059007577BC /* Sources */ = {
			isa = PBXSourcesBuildPhase;
			buildActionMask = 2147483647;
			files = (
				03DF5FEA19FA0059007577BC /* PhotoShareAppTests.m in Sources */,
			);
			runOnlyForDeploymentPostprocessing = 0;
		};
/* End PBXSourcesBuildPhase section */

/* Begin PBXTargetDependency section */
		03DF5FE519FA0059007577BC /* PBXTargetDependency */ = {
			isa = PBXTargetDependency;
			target = 03DF5FC619FA0059007577BC /* PhotoShareApp */;
			targetProxy = 03DF5FE419FA0059007577BC /* PBXContainerItemProxy */;
		};
/* End PBXTargetDependency section */

/* Begin PBXVariantGroup section */
		03DF5FD719FA0059007577BC /* Main.storyboard */ = {
			isa = PBXVariantGroup;
			children = (
				03DF5FD819FA0059007577BC /* Base */,
			);
			name = Main.storyboard;
			sourceTree = "<group>";
		};
		03DF5FDC19FA0059007577BC /* LaunchScreen.xib */ = {
			isa = PBXVariantGroup;
			children = (
				03DF5FDD19FA0059007577BC /* Base */,
			);
			name = LaunchScreen.xib;
			sourceTree = "<group>";
		};
/* End PBXVariantGroup section */

/* Begin XCBuildConfiguration section */
		03DF5FEB19FA0059007577BC /* Debug */ = {
			isa = XCBuildConfiguration;
			buildSettings = {
				ALWAYS_SEARCH_USER_PATHS = NO;
				CLANG_CXX_LANGUAGE_STANDARD = "gnu++0x";
				CLANG_CXX_LIBRARY = "libc++";
				CLANG_ENABLE_MODULES = YES;
				CLANG_ENABLE_OBJC_ARC = YES;
				CLANG_WARN_BOOL_CONVERSION = YES;
				CLANG_WARN_CONSTANT_CONVERSION = YES;
				CLANG_WARN_DIRECT_OBJC_ISA_USAGE = YES_ERROR;
				CLANG_WARN_EMPTY_BODY = YES;
				CLANG_WARN_ENUM_CONVERSION = YES;
				CLANG_WARN_INT_CONVERSION = YES;
				CLANG_WARN_OBJC_ROOT_CLASS = YES_ERROR;
				CLANG_WARN_UNREACHABLE_CODE = YES;
				CLANG_WARN__DUPLICATE_METHOD_MATCH = YES;
				"CODE_SIGN_IDENTITY[sdk=iphoneos*]" = "iPhone Developer";
				COPY_PHASE_STRIP = NO;
				ENABLE_STRICT_OBJC_MSGSEND = YES;
				GCC_C_LANGUAGE_STANDARD = gnu99;
				GCC_DYNAMIC_NO_PIC = NO;
				GCC_OPTIMIZATION_LEVEL = 0;
				GCC_PREPROCESSOR_DEFINITIONS = (
					"DEBUG=1",
					"$(inherited)",
				);
				GCC_SYMBOLS_PRIVATE_EXTERN = NO;
				GCC_WARN_64_TO_32_BIT_CONVERSION = YES;
				GCC_WARN_ABOUT_RETURN_TYPE = YES_ERROR;
				GCC_WARN_UNDECLARED_SELECTOR = YES;
				GCC_WARN_UNINITIALIZED_AUTOS = YES_AGGRESSIVE;
				GCC_WARN_UNUSED_FUNCTION = YES;
				GCC_WARN_UNUSED_VARIABLE = YES;
				IPHONEOS_DEPLOYMENT_TARGET = 8.1;
				MTL_ENABLE_DEBUG_INFO = YES;
				ONLY_ACTIVE_ARCH = YES;
				SDKROOT = iphoneos;
				TARGETED_DEVICE_FAMILY = "1,2";
			};
			name = Debug;
		};
		03DF5FEC19FA0059007577BC /* Release */ = {
			isa = XCBuildConfiguration;
			buildSettings = {
				ALWAYS_SEARCH_USER_PATHS = NO;
				CLANG_CXX_LANGUAGE_STANDARD = "gnu++0x";
				CLANG_CXX_LIBRARY = "libc++";
				CLANG_ENABLE_MODULES = YES;
				CLANG_ENABLE_OBJC_ARC = YES;
				CLANG_WARN_BOOL_CONVERSION = YES;
				CLANG_WARN_CONSTANT_CONVERSION = YES;
				CLANG_WARN_DIRECT_OBJC_ISA_USAGE = YES_ERROR;
				CLANG_WARN_EMPTY_BODY = YES;
				CLANG_WARN_ENUM_CONVERSION = YES;
				CLANG_WARN_INT_CONVERSION = YES;
				CLANG_WARN_OBJC_ROOT_CLASS = YES_ERROR;
				CLANG_WARN_UNREACHABLE_CODE = YES;
				CLANG_WARN__DUPLICATE_METHOD_MATCH = YES;
				"CODE_SIGN_IDENTITY[sdk=iphoneos*]" = "iPhone Developer";
				COPY_PHASE_STRIP = YES;
				ENABLE_NS_ASSERTIONS = NO;
				ENABLE_STRICT_OBJC_MSGSEND = YES;
				GCC_C_LANGUAGE_STANDARD = gnu99;
				GCC_WARN_64_TO_32_BIT_CONVERSION = YES;
				GCC_WARN_ABOUT_RETURN_TYPE = YES_ERROR;
				GCC_WARN_UNDECLARED_SELECTOR = YES;
				GCC_WARN_UNINITIALIZED_AUTOS = YES_AGGRESSIVE;
				GCC_WARN_UNUSED_FUNCTION = YES;
				GCC_WARN_UNUSED_VARIABLE = YES;
				IPHONEOS_DEPLOYMENT_TARGET = 8.1;
				MTL_ENABLE_DEBUG_INFO = NO;
				SDKROOT = iphoneos;
				TARGETED_DEVICE_FAMILY = "1,2";
				VALIDATE_PRODUCT = YES;
			};
			name = Release;
		};
		03DF5FEE19FA0059007577BC /* Debug */ = {
			isa = XCBuildConfiguration;
			buildSettings = {
				ASSETCATALOG_COMPILER_APPICON_NAME = AppIcon;
				CODE_SIGN_IDENTITY = "iPhone Developer";
				INFOPLIST_FILE = PhotoShareApp/Info.plist;
				LD_RUNPATH_SEARCH_PATHS = "$(inherited) @executable_path/Frameworks";
				PRODUCT_NAME = "$(TARGET_NAME)";
			};
			name = Debug;
		};
		03DF5FEF19FA0059007577BC /* Release */ = {
			isa = XCBuildConfiguration;
			buildSettings = {
				ASSETCATALOG_COMPILER_APPICON_NAME = AppIcon;
				CODE_SIGN_IDENTITY = "iPhone Developer";
				INFOPLIST_FILE = PhotoShareApp/Info.plist;
				LD_RUNPATH_SEARCH_PATHS = "$(inherited) @executable_path/Frameworks";
				PRODUCT_NAME = "$(TARGET_NAME)";
			};
			name = Release;
		};
		03DF5FF119FA0059007577BC /* Debug */ = {
			isa = XCBuildConfiguration;
			buildSettings = {
				BUNDLE_LOADER = "$(TEST_HOST)";
				FRAMEWORK_SEARCH_PATHS = (
					"$(SDKROOT)/Developer/Library/Frameworks",
					"$(inherited)",
				);
				GCC_PREPROCESSOR_DEFINITIONS = (
					"DEBUG=1",
					"$(inherited)",
				);
				INFOPLIST_FILE = PhotoShareAppTests/Info.plist;
				LD_RUNPATH_SEARCH_PATHS = "$(inherited) @executable_path/Frameworks @loader_path/Frameworks";
				PRODUCT_NAME = "$(TARGET_NAME)";
				TEST_HOST = "$(BUILT_PRODUCTS_DIR)/PhotoShareApp.app/PhotoShareApp";
			};
			name = Debug;
		};
		03DF5FF219FA0059007577BC /* Release */ = {
			isa = XCBuildConfiguration;
			buildSettings = {
				BUNDLE_LOADER = "$(TEST_HOST)";
				FRAMEWORK_SEARCH_PATHS = (
					"$(SDKROOT)/Developer/Library/Frameworks",
					"$(inherited)",
				);
				INFOPLIST_FILE = PhotoShareAppTests/Info.plist;
				LD_RUNPATH_SEARCH_PATHS = "$(inherited) @executable_path/Frameworks @loader_path/Frameworks";
				PRODUCT_NAME = "$(TARGET_NAME)";
				TEST_HOST = "$(BUILT_PRODUCTS_DIR)/PhotoShareApp.app/PhotoShareApp";
			};
			name = Release;
		};
/* End XCBuildConfiguration section */

/* Begin XCConfigurationList section */
		03DF5FC219FA0059007577BC /* Build configuration list for PBXProject "PhotoShareApp" */ = {
			isa = XCConfigurationList;
			buildConfigurations = (
				03DF5FEB19FA0059007577BC /* Debug */,
				03DF5FEC19FA0059007577BC /* Release */,
			);
			defaultConfigurationIsVisible = 0;
			defaultConfigurationName = Release;
		};
		03DF5FED19FA0059007577BC /* Build configuration list for PBXNativeTarget "PhotoShareApp" */ = {
			isa = XCConfigurationList;
			buildConfigurations = (
				03DF5FEE19FA0059007577BC /* Debug */,
				03DF5FEF19FA0059007577BC /* Release */,
			);
			defaultConfigurationIsVisible = 0;
			defaultConfigurationName = Release;
		};
		03DF5FF019FA0059007577BC /* Build configuration list for PBXNativeTarget "PhotoShareAppTests" */ = {
			isa = XCConfigurationList;
			buildConfigurations = (
				03DF5FF119FA0059007577BC /* Debug */,
				03DF5FF219FA0059007577BC /* Release */,
			);
			defaultConfigurationIsVisible = 0;
			defaultConfigurationName = Release;
		};
/* End XCConfigurationList section */
	};
	rootObject = 03DF5FBF19FA0059007577BC /* Project object */;
}
